
Microsoft Visual Studio Solution File, Format Version 12.00
# Visual Studio Version 17
VisualStudioVersion = 17.2.32519.379
MinimumVisualStudioVersion = 10.0.40219.1
Project("{9A19103F-16F7-4668-BE54-9A1E7A4F7556}") = "BlazingShop.Server", "BlazingShop\Server\BlazingShop.Server.csproj", "{AE0D5559-E728-4E22-BE04-B2DECC20F4E9}"
EndProject
Project("{9A19103F-16F7-4668-BE54-9A1E7A4F7556}") = "BlazingShop.Client", "BlazingShop\Client\BlazingShop.Client.csproj", "{01E30CE0-F302-4DF3-8944-2218AFF2ECC2}"
EndProject
Project("{9A19103F-16F7-4668-BE54-9A1E7A4F7556}") = "BlazingShop.Shared", "BlazingShop\Shared\BlazingShop.Shared.csproj", "{151026CA-0CCD-4483-8115-E29BF5DE7287}"
EndProject
Global
	GlobalSection(SolutionConfigurationPlatforms) = preSolution
		Debug|Any CPU = Debug|Any CPU
		Release|Any CPU = Release|Any CPU
	EndGlobalSection
	GlobalSection(ProjectConfigurationPlatforms) = postSolution
		{AE0D5559-E728-4E22-BE04-B2DECC20F4E9}.Debug|Any CPU.ActiveCfg = Debug|Any CPU
		{AE0D5559-E728-4E22-BE04-B2DECC20F4E9}.Debug|Any CPU.Build.0 = Debug|Any CPU
		{AE0D5559-E728-4E22-BE04-B2DECC20F4E9}.Release|Any CPU.ActiveCfg = Release|Any CPU
		{AE0D5559-E728-4E22-BE04-B2DECC20F4E9}.Release|Any CPU.Build.0 = Release|Any CPU
		{01E30CE0-F302-4DF3-8944-2218AFF2ECC2}.Debug|Any CPU.ActiveCfg = Debug|Any CPU
		{01E30CE0-F302-4DF3-8944-2218AFF2ECC2}.Debug|Any CPU.Build.0 = Debug|Any CPU
		{01E30CE0-F302-4DF3-8944-2218AFF2ECC2}.Release|Any CPU.ActiveCfg = Release|Any CPU
		{01E30CE0-F302-4DF3-8944-2218AFF2ECC2}.Release|Any CPU.Build.0 = Release|Any CPU
		{151026CA-0CCD-4483-8115-E29BF5DE7287}.Debug|Any CPU.ActiveCfg = Debug|Any CPU
		{151026CA-0CCD-4483-8115-E29BF5DE7287}.Debug|Any CPU.Build.0 = Debug|Any CPU
		{151026CA-0CCD-4483-8115-E29BF5DE7287}.Release|Any CPU.ActiveCfg = Release|Any CPU
		{151026CA-0CCD-4483-8115-E29BF5DE7287}.Release|Any CPU.Build.0 = Release|Any CPU
	EndGlobalSection
	GlobalSection(SolutionProperties) = preSolution
		HideSolutionNode = FALSE
	EndGlobalSection
	GlobalSection(ExtensibilityGlobals) = postSolution
		SolutionGuid = {3E4EB7E6-8453-4CA4-827B-4D74762B847E}
	EndGlobalSection
EndGlobal
